// !$*UTF8*$!
{
	archiveVersion = 1;
	classes = {
	};
	objectVersion = 50;
	objects = {

/* Begin PBXBuildFile section */
		20FD6959A4A5F411B142047A /* Pods_ePECSUITests.framework in Frameworks */ = {isa = PBXBuildFile; fileRef = D48C8F0197BC47A3F227271A /* Pods_ePECSUITests.framework */; };
		4C5456694371F29447EEE380 /* Pods_ePECS.framework in Frameworks */ = {isa = PBXBuildFile; fileRef = 17465FA468C9C4A6628206AD /* Pods_ePECS.framework */; };
		57454917144CC48CCA852C19 /* Pods_ePECSTests.framework in Frameworks */ = {isa = PBXBuildFile; fileRef = AED1CD0C90162C3FBA049D0F /* Pods_ePECSTests.framework */; };
		8410E25820B8663D00E56A2F /* FirstLevelViewController.swift in Sources */ = {isa = PBXBuildFile; fileRef = 8410E25720B8663D00E56A2F /* FirstLevelViewController.swift */; };
		8410E25A20B8665500E56A2F /* FirstLevelStoryboard.storyboard in Resources */ = {isa = PBXBuildFile; fileRef = 8410E25920B8665500E56A2F /* FirstLevelStoryboard.storyboard */; };
		8410E25C20B87ACA00E56A2F /* Extensions.swift in Sources */ = {isa = PBXBuildFile; fileRef = 8410E25B20B87ACA00E56A2F /* Extensions.swift */; };
		8410E25F20B887BA00E56A2F /* SecondLevelViewController.swift in Sources */ = {isa = PBXBuildFile; fileRef = 8410E25E20B887BA00E56A2F /* SecondLevelViewController.swift */; };
		847CFD8F20B4424A00D5BE99 /* AppDelegate.swift in Sources */ = {isa = PBXBuildFile; fileRef = 847CFD8E20B4424A00D5BE99 /* AppDelegate.swift */; };
		847CFD9120B4424A00D5BE99 /* ViewController.swift in Sources */ = {isa = PBXBuildFile; fileRef = 847CFD9020B4424A00D5BE99 /* ViewController.swift */; };
		847CFD9420B4424A00D5BE99 /* Main.storyboard in Resources */ = {isa = PBXBuildFile; fileRef = 847CFD9220B4424A00D5BE99 /* Main.storyboard */; };
		847CFD9620B4424D00D5BE99 /* Assets.xcassets in Resources */ = {isa = PBXBuildFile; fileRef = 847CFD9520B4424D00D5BE99 /* Assets.xcassets */; };
		847CFD9920B4424D00D5BE99 /* LaunchScreen.storyboard in Resources */ = {isa = PBXBuildFile; fileRef = 847CFD9720B4424D00D5BE99 /* LaunchScreen.storyboard */; };
		847CFDA420B4424D00D5BE99 /* ePECSTests.swift in Sources */ = {isa = PBXBuildFile; fileRef = 847CFDA320B4424D00D5BE99 /* ePECSTests.swift */; };
		847CFDAF20B4424D00D5BE99 /* ePECSUITests.swift in Sources */ = {isa = PBXBuildFile; fileRef = 847CFDAE20B4424D00D5BE99 /* ePECSUITests.swift */; };
		847CFDC420B4480100D5BE99 /* DataManager.swift in Sources */ = {isa = PBXBuildFile; fileRef = 847CFDC320B4480100D5BE99 /* DataManager.swift */; };
		847CFDC620B4481C00D5BE99 /* HTTPStatusCode.swift in Sources */ = {isa = PBXBuildFile; fileRef = 847CFDC520B4481C00D5BE99 /* HTTPStatusCode.swift */; };
		847CFDC820B4482800D5BE99 /* HTTPRequestManager.swift in Sources */ = {isa = PBXBuildFile; fileRef = 847CFDC720B4482800D5BE99 /* HTTPRequestManager.swift */; };
		847CFDCA20B4483D00D5BE99 /* ServerManager.swift in Sources */ = {isa = PBXBuildFile; fileRef = 847CFDC920B4483D00D5BE99 /* ServerManager.swift */; };
		84907CD820D2A06400E9DE81 /* OpenSans-Semibold.ttf in Resources */ = {isa = PBXBuildFile; fileRef = 84907CD720D29FCD00E9DE81 /* OpenSans-Semibold.ttf */; };
		84907CD920D2A06600E9DE81 /* OpenSans-Regular.ttf in Resources */ = {isa = PBXBuildFile; fileRef = 84907CD520D29FCC00E9DE81 /* OpenSans-Regular.ttf */; };
		84907CDA20D2A06900E9DE81 /* OpenSans-Bold.ttf in Resources */ = {isa = PBXBuildFile; fileRef = 84907CD620D29FCC00E9DE81 /* OpenSans-Bold.ttf */; };
		849FA49220DCEBF300BC0B43 /* CardsLibraryTableViewCell.swift in Sources */ = {isa = PBXBuildFile; fileRef = 849FA49120DCEBF300BC0B43 /* CardsLibraryTableViewCell.swift */; };
		849FA49420DCEFF800BC0B43 /* CardsLibraryCollectionViewCell.swift in Sources */ = {isa = PBXBuildFile; fileRef = 849FA49320DCEFF800BC0B43 /* CardsLibraryCollectionViewCell.swift */; };
		84AB032D20C93D6900BC639D /* FourthLevelStoryboard.storyboard in Resources */ = {isa = PBXBuildFile; fileRef = 84AB032720C93D6800BC639D /* FourthLevelStoryboard.storyboard */; };
		84AB033420C93FFD00BC639D /* FourthLevelCategoryViewController.swift in Sources */ = {isa = PBXBuildFile; fileRef = 84AB033320C93FFD00BC639D /* FourthLevelCategoryViewController.swift */; };
		84AB033620C9401D00BC639D /* FourthLevelCategoryCollectionViewCell.swift in Sources */ = {isa = PBXBuildFile; fileRef = 84AB033520C9401D00BC639D /* FourthLevelCategoryCollectionViewCell.swift */; };
		84AB033820C9403300BC639D /* FourthLevelCardsViewController.swift in Sources */ = {isa = PBXBuildFile; fileRef = 84AB033720C9403300BC639D /* FourthLevelCardsViewController.swift */; };
		84AB033A20C9407100BC639D /* FourthLevelCardCollectionViewCell.swift in Sources */ = {isa = PBXBuildFile; fileRef = 84AB033920C9407100BC639D /* FourthLevelCardCollectionViewCell.swift */; };
		84AB033C20C9408300BC639D /* FourthLevelPhraseCollectionViewCell.swift in Sources */ = {isa = PBXBuildFile; fileRef = 84AB033B20C9408300BC639D /* FourthLevelPhraseCollectionViewCell.swift */; };
		84BBD6D620CDD07900D3CB2F /* SelectLevelViewController.swift in Sources */ = {isa = PBXBuildFile; fileRef = 84BBD6D520CDD07900D3CB2F /* SelectLevelViewController.swift */; };
		84BBD6D820CE281B00D3CB2F /* ChangeLevelTwoViewController.swift in Sources */ = {isa = PBXBuildFile; fileRef = 84BBD6D720CE281B00D3CB2F /* ChangeLevelTwoViewController.swift */; };
		84BBD6DA20CE287D00D3CB2F /* ChangeLevelTwoCollectionViewCell.swift in Sources */ = {isa = PBXBuildFile; fileRef = 84BBD6D920CE287D00D3CB2F /* ChangeLevelTwoCollectionViewCell.swift */; };
		84BBD6DD20CE476D00D3CB2F /* CardsLibraryStoryboard.storyboard in Resources */ = {isa = PBXBuildFile; fileRef = 84BBD6DC20CE476D00D3CB2F /* CardsLibraryStoryboard.storyboard */; };
		84BBD6DF20CE477D00D3CB2F /* CardsLibraryViewController.swift in Sources */ = {isa = PBXBuildFile; fileRef = 84BBD6DE20CE477D00D3CB2F /* CardsLibraryViewController.swift */; };
		84C85A0A20DE3AF500990CED /* Constant.swift in Sources */ = {isa = PBXBuildFile; fileRef = 84C85A0920DE3AF500990CED /* Constant.swift */; };
		84E26F0D20CBCB9200296344 /* SettingsViewController.swift in Sources */ = {isa = PBXBuildFile; fileRef = 84E26F0C20CBCB9200296344 /* SettingsViewController.swift */; };
		84E26F0F20CBCBA000296344 /* SettingsStoryboard.storyboard in Resources */ = {isa = PBXBuildFile; fileRef = 84E26F0E20CBCBA000296344 /* SettingsStoryboard.storyboard */; };
		84E7CC8F20D9BEA600B111EF /* Card.swift in Sources */ = {isa = PBXBuildFile; fileRef = 84E7CC8E20D9BEA600B111EF /* Card.swift */; };
		CE91496520BA905000BC68DE /* SecondLevelCollectionViewCell.swift in Sources */ = {isa = PBXBuildFile; fileRef = CE91496420BA905000BC68DE /* SecondLevelCollectionViewCell.swift */; };
		CE91496720BA90E100BC68DE /* CustomUI.swift in Sources */ = {isa = PBXBuildFile; fileRef = CE91496620BA90E100BC68DE /* CustomUI.swift */; };
		CE91496920BA912200BC68DE /* SecondLevelStoryboard.storyboard in Resources */ = {isa = PBXBuildFile; fileRef = CE91496820BA912200BC68DE /* SecondLevelStoryboard.storyboard */; };
		CE91496C20BB302700BC68DE /* ThirdLevelStoryboard.storyboard in Resources */ = {isa = PBXBuildFile; fileRef = CE91496B20BB302700BC68DE /* ThirdLevelStoryboard.storyboard */; };
		CE91496E20BB304300BC68DE /* ThirdLevelCategoryViewController.swift in Sources */ = {isa = PBXBuildFile; fileRef = CE91496D20BB304300BC68DE /* ThirdLevelCategoryViewController.swift */; };
		CE91497020BB35C600BC68DE /* ThirdLevelCardsViewController.swift in Sources */ = {isa = PBXBuildFile; fileRef = CE91496F20BB35C600BC68DE /* ThirdLevelCardsViewController.swift */; };
		CE91497220BB361900BC68DE /* CategoryCollectionViewCell.swift in Sources */ = {isa = PBXBuildFile; fileRef = CE91497120BB361900BC68DE /* CategoryCollectionViewCell.swift */; };
		CE91497420BB362300BC68DE /* CardCollectionViewCell.swift in Sources */ = {isa = PBXBuildFile; fileRef = CE91497320BB362300BC68DE /* CardCollectionViewCell.swift */; };
		CE91497620BB36F900BC68DE /* PhraseCollectionViewCell.swift in Sources */ = {isa = PBXBuildFile; fileRef = CE91497520BB36F900BC68DE /* PhraseCollectionViewCell.swift */; };
/* End PBXBuildFile section */

/* Begin PBXContainerItemProxy section */
		847CFDA020B4424D00D5BE99 /* PBXContainerItemProxy */ = {
			isa = PBXContainerItemProxy;
			containerPortal = 847CFD8320B4424A00D5BE99 /* Project object */;
			proxyType = 1;
			remoteGlobalIDString = 847CFD8A20B4424A00D5BE99;
			remoteInfo = ePECS;
		};
		847CFDAB20B4424D00D5BE99 /* PBXContainerItemProxy */ = {
			isa = PBXContainerItemProxy;
			containerPortal = 847CFD8320B4424A00D5BE99 /* Project object */;
			proxyType = 1;
			remoteGlobalIDString = 847CFD8A20B4424A00D5BE99;
			remoteInfo = ePECS;
		};
/* End PBXContainerItemProxy section */

/* Begin PBXFileReference section */
		0981DC8134BEBE9D4ADA02C7 /* Pods-ePECS.release.xcconfig */ = {isa = PBXFileReference; includeInIndex = 1; lastKnownFileType = text.xcconfig; name = "Pods-ePECS.release.xcconfig"; path = "Pods/Target Support Files/Pods-ePECS/Pods-ePECS.release.xcconfig"; sourceTree = "<group>"; };
		17465FA468C9C4A6628206AD /* Pods_ePECS.framework */ = {isa = PBXFileReference; explicitFileType = wrapper.framework; includeInIndex = 0; path = Pods_ePECS.framework; sourceTree = BUILT_PRODUCTS_DIR; };
		21B56D6832F2B6587ED744EB /* Pods-ePECSTests.release.xcconfig */ = {isa = PBXFileReference; includeInIndex = 1; lastKnownFileType = text.xcconfig; name = "Pods-ePECSTests.release.xcconfig"; path = "Pods/Target Support Files/Pods-ePECSTests/Pods-ePECSTests.release.xcconfig"; sourceTree = "<group>"; };
		8410E25720B8663D00E56A2F /* FirstLevelViewController.swift */ = {isa = PBXFileReference; lastKnownFileType = sourcecode.swift; path = FirstLevelViewController.swift; sourceTree = "<group>"; };
		8410E25920B8665500E56A2F /* FirstLevelStoryboard.storyboard */ = {isa = PBXFileReference; lastKnownFileType = file.storyboard; path = FirstLevelStoryboard.storyboard; sourceTree = "<group>"; };
		8410E25B20B87ACA00E56A2F /* Extensions.swift */ = {isa = PBXFileReference; lastKnownFileType = sourcecode.swift; path = Extensions.swift; sourceTree = "<group>"; };
		8410E25E20B887BA00E56A2F /* SecondLevelViewController.swift */ = {isa = PBXFileReference; lastKnownFileType = sourcecode.swift; path = SecondLevelViewController.swift; sourceTree = "<group>"; };
		847CFD8B20B4424A00D5BE99 /* ePECS.app */ = {isa = PBXFileReference; explicitFileType = wrapper.application; includeInIndex = 0; path = ePECS.app; sourceTree = BUILT_PRODUCTS_DIR; };
		847CFD8E20B4424A00D5BE99 /* AppDelegate.swift */ = {isa = PBXFileReference; lastKnownFileType = sourcecode.swift; path = AppDelegate.swift; sourceTree = "<group>"; };
		847CFD9020B4424A00D5BE99 /* ViewController.swift */ = {isa = PBXFileReference; lastKnownFileType = sourcecode.swift; path = ViewController.swift; sourceTree = "<group>"; };
		847CFD9320B4424A00D5BE99 /* Base */ = {isa = PBXFileReference; lastKnownFileType = file.storyboard; name = Base; path = Base.lproj/Main.storyboard; sourceTree = "<group>"; };
		847CFD9520B4424D00D5BE99 /* Assets.xcassets */ = {isa = PBXFileReference; lastKnownFileType = folder.assetcatalog; path = Assets.xcassets; sourceTree = "<group>"; };
		847CFD9820B4424D00D5BE99 /* Base */ = {isa = PBXFileReference; lastKnownFileType = file.storyboard; name = Base; path = Base.lproj/LaunchScreen.storyboard; sourceTree = "<group>"; };
		847CFD9A20B4424D00D5BE99 /* Info.plist */ = {isa = PBXFileReference; lastKnownFileType = text.plist.xml; path = Info.plist; sourceTree = "<group>"; };
		847CFD9F20B4424D00D5BE99 /* ePECSTests.xctest */ = {isa = PBXFileReference; explicitFileType = wrapper.cfbundle; includeInIndex = 0; path = ePECSTests.xctest; sourceTree = BUILT_PRODUCTS_DIR; };
		847CFDA320B4424D00D5BE99 /* ePECSTests.swift */ = {isa = PBXFileReference; lastKnownFileType = sourcecode.swift; path = ePECSTests.swift; sourceTree = "<group>"; };
		847CFDA520B4424D00D5BE99 /* Info.plist */ = {isa = PBXFileReference; lastKnownFileType = text.plist.xml; path = Info.plist; sourceTree = "<group>"; };
		847CFDAA20B4424D00D5BE99 /* ePECSUITests.xctest */ = {isa = PBXFileReference; explicitFileType = wrapper.cfbundle; includeInIndex = 0; path = ePECSUITests.xctest; sourceTree = BUILT_PRODUCTS_DIR; };
		847CFDAE20B4424D00D5BE99 /* ePECSUITests.swift */ = {isa = PBXFileReference; lastKnownFileType = sourcecode.swift; path = ePECSUITests.swift; sourceTree = "<group>"; };
		847CFDB020B4424D00D5BE99 /* Info.plist */ = {isa = PBXFileReference; lastKnownFileType = text.plist.xml; path = Info.plist; sourceTree = "<group>"; };
		847CFDC320B4480100D5BE99 /* DataManager.swift */ = {isa = PBXFileReference; lastKnownFileType = sourcecode.swift; path = DataManager.swift; sourceTree = "<group>"; };
		847CFDC520B4481C00D5BE99 /* HTTPStatusCode.swift */ = {isa = PBXFileReference; lastKnownFileType = sourcecode.swift; path = HTTPStatusCode.swift; sourceTree = "<group>"; };
		847CFDC720B4482800D5BE99 /* HTTPRequestManager.swift */ = {isa = PBXFileReference; lastKnownFileType = sourcecode.swift; path = HTTPRequestManager.swift; sourceTree = "<group>"; };
		847CFDC920B4483D00D5BE99 /* ServerManager.swift */ = {isa = PBXFileReference; lastKnownFileType = sourcecode.swift; path = ServerManager.swift; sourceTree = "<group>"; };
		84907CD520D29FCC00E9DE81 /* OpenSans-Regular.ttf */ = {isa = PBXFileReference; lastKnownFileType = file; path = "OpenSans-Regular.ttf"; sourceTree = "<group>"; };
		84907CD620D29FCC00E9DE81 /* OpenSans-Bold.ttf */ = {isa = PBXFileReference; lastKnownFileType = file; path = "OpenSans-Bold.ttf"; sourceTree = "<group>"; };
		84907CD720D29FCD00E9DE81 /* OpenSans-Semibold.ttf */ = {isa = PBXFileReference; lastKnownFileType = file; path = "OpenSans-Semibold.ttf"; sourceTree = "<group>"; };
		849FA49120DCEBF300BC0B43 /* CardsLibraryTableViewCell.swift */ = {isa = PBXFileReference; lastKnownFileType = sourcecode.swift; path = CardsLibraryTableViewCell.swift; sourceTree = "<group>"; };
		849FA49320DCEFF800BC0B43 /* CardsLibraryCollectionViewCell.swift */ = {isa = PBXFileReference; lastKnownFileType = sourcecode.swift; path = CardsLibraryCollectionViewCell.swift; sourceTree = "<group>"; };
		84AB032720C93D6800BC639D /* FourthLevelStoryboard.storyboard */ = {isa = PBXFileReference; fileEncoding = 4; lastKnownFileType = file.storyboard; path = FourthLevelStoryboard.storyboard; sourceTree = "<group>"; };
		84AB033320C93FFD00BC639D /* FourthLevelCategoryViewController.swift */ = {isa = PBXFileReference; lastKnownFileType = sourcecode.swift; path = FourthLevelCategoryViewController.swift; sourceTree = "<group>"; };
		84AB033520C9401D00BC639D /* FourthLevelCategoryCollectionViewCell.swift */ = {isa = PBXFileReference; lastKnownFileType = sourcecode.swift; path = FourthLevelCategoryCollectionViewCell.swift; sourceTree = "<group>"; };
		84AB033720C9403300BC639D /* FourthLevelCardsViewController.swift */ = {isa = PBXFileReference; lastKnownFileType = sourcecode.swift; path = FourthLevelCardsViewController.swift; sourceTree = "<group>"; };
		84AB033920C9407100BC639D /* FourthLevelCardCollectionViewCell.swift */ = {isa = PBXFileReference; lastKnownFileType = sourcecode.swift; path = FourthLevelCardCollectionViewCell.swift; sourceTree = "<group>"; };
		84AB033B20C9408300BC639D /* FourthLevelPhraseCollectionViewCell.swift */ = {isa = PBXFileReference; lastKnownFileType = sourcecode.swift; path = FourthLevelPhraseCollectionViewCell.swift; sourceTree = "<group>"; };
		84BBD6D520CDD07900D3CB2F /* SelectLevelViewController.swift */ = {isa = PBXFileReference; lastKnownFileType = sourcecode.swift; path = SelectLevelViewController.swift; sourceTree = "<group>"; };
		84BBD6D720CE281B00D3CB2F /* ChangeLevelTwoViewController.swift */ = {isa = PBXFileReference; lastKnownFileType = sourcecode.swift; path = ChangeLevelTwoViewController.swift; sourceTree = "<group>"; };
		84BBD6D920CE287D00D3CB2F /* ChangeLevelTwoCollectionViewCell.swift */ = {isa = PBXFileReference; lastKnownFileType = sourcecode.swift; path = ChangeLevelTwoCollectionViewCell.swift; sourceTree = "<group>"; };
		84BBD6DC20CE476D00D3CB2F /* CardsLibraryStoryboard.storyboard */ = {isa = PBXFileReference; lastKnownFileType = file.storyboard; path = CardsLibraryStoryboard.storyboard; sourceTree = "<group>"; };
		84BBD6DE20CE477D00D3CB2F /* CardsLibraryViewController.swift */ = {isa = PBXFileReference; lastKnownFileType = sourcecode.swift; path = CardsLibraryViewController.swift; sourceTree = "<group>"; };
		84C85A0920DE3AF500990CED /* Constant.swift */ = {isa = PBXFileReference; lastKnownFileType = sourcecode.swift; path = Constant.swift; sourceTree = "<group>"; };
		84E26F0C20CBCB9200296344 /* SettingsViewController.swift */ = {isa = PBXFileReference; lastKnownFileType = sourcecode.swift; path = SettingsViewController.swift; sourceTree = "<group>"; };
		84E26F0E20CBCBA000296344 /* SettingsStoryboard.storyboard */ = {isa = PBXFileReference; lastKnownFileType = file.storyboard; path = SettingsStoryboard.storyboard; sourceTree = "<group>"; };
		84E7CC8E20D9BEA600B111EF /* Card.swift */ = {isa = PBXFileReference; lastKnownFileType = sourcecode.swift; path = Card.swift; sourceTree = "<group>"; };
		89E5469ED74CCE9D9D5646DC /* Pods-ePECSUITests.release.xcconfig */ = {isa = PBXFileReference; includeInIndex = 1; lastKnownFileType = text.xcconfig; name = "Pods-ePECSUITests.release.xcconfig"; path = "Pods/Target Support Files/Pods-ePECSUITests/Pods-ePECSUITests.release.xcconfig"; sourceTree = "<group>"; };
		A45C71CC7BC50D1FD198B71C /* Pods-ePECSTests.debug.xcconfig */ = {isa = PBXFileReference; includeInIndex = 1; lastKnownFileType = text.xcconfig; name = "Pods-ePECSTests.debug.xcconfig"; path = "Pods/Target Support Files/Pods-ePECSTests/Pods-ePECSTests.debug.xcconfig"; sourceTree = "<group>"; };
		AED1CD0C90162C3FBA049D0F /* Pods_ePECSTests.framework */ = {isa = PBXFileReference; explicitFileType = wrapper.framework; includeInIndex = 0; path = Pods_ePECSTests.framework; sourceTree = BUILT_PRODUCTS_DIR; };
		CE91496420BA905000BC68DE /* SecondLevelCollectionViewCell.swift */ = {isa = PBXFileReference; lastKnownFileType = sourcecode.swift; path = SecondLevelCollectionViewCell.swift; sourceTree = "<group>"; };
		CE91496620BA90E100BC68DE /* CustomUI.swift */ = {isa = PBXFileReference; lastKnownFileType = sourcecode.swift; path = CustomUI.swift; sourceTree = "<group>"; };
		CE91496820BA912200BC68DE /* SecondLevelStoryboard.storyboard */ = {isa = PBXFileReference; lastKnownFileType = file.storyboard; path = SecondLevelStoryboard.storyboard; sourceTree = "<group>"; };
		CE91496B20BB302700BC68DE /* ThirdLevelStoryboard.storyboard */ = {isa = PBXFileReference; lastKnownFileType = file.storyboard; path = ThirdLevelStoryboard.storyboard; sourceTree = "<group>"; };
		CE91496D20BB304300BC68DE /* ThirdLevelCategoryViewController.swift */ = {isa = PBXFileReference; lastKnownFileType = sourcecode.swift; path = ThirdLevelCategoryViewController.swift; sourceTree = "<group>"; };
		CE91496F20BB35C600BC68DE /* ThirdLevelCardsViewController.swift */ = {isa = PBXFileReference; lastKnownFileType = sourcecode.swift; path = ThirdLevelCardsViewController.swift; sourceTree = "<group>"; };
		CE91497120BB361900BC68DE /* CategoryCollectionViewCell.swift */ = {isa = PBXFileReference; lastKnownFileType = sourcecode.swift; path = CategoryCollectionViewCell.swift; sourceTree = "<group>"; };
		CE91497320BB362300BC68DE /* CardCollectionViewCell.swift */ = {isa = PBXFileReference; lastKnownFileType = sourcecode.swift; path = CardCollectionViewCell.swift; sourceTree = "<group>"; };
		CE91497520BB36F900BC68DE /* PhraseCollectionViewCell.swift */ = {isa = PBXFileReference; lastKnownFileType = sourcecode.swift; path = PhraseCollectionViewCell.swift; sourceTree = "<group>"; };
		D48C8F0197BC47A3F227271A /* Pods_ePECSUITests.framework */ = {isa = PBXFileReference; explicitFileType = wrapper.framework; includeInIndex = 0; path = Pods_ePECSUITests.framework; sourceTree = BUILT_PRODUCTS_DIR; };
		EF8647635858E6DD48045987 /* Pods-ePECSUITests.debug.xcconfig */ = {isa = PBXFileReference; includeInIndex = 1; lastKnownFileType = text.xcconfig; name = "Pods-ePECSUITests.debug.xcconfig"; path = "Pods/Target Support Files/Pods-ePECSUITests/Pods-ePECSUITests.debug.xcconfig"; sourceTree = "<group>"; };
		FC91E9CDEE7B852787C54EC3 /* Pods-ePECS.debug.xcconfig */ = {isa = PBXFileReference; includeInIndex = 1; lastKnownFileType = text.xcconfig; name = "Pods-ePECS.debug.xcconfig"; path = "Pods/Target Support Files/Pods-ePECS/Pods-ePECS.debug.xcconfig"; sourceTree = "<group>"; };
/* End PBXFileReference section */

/* Begin PBXFrameworksBuildPhase section */
		847CFD8820B4424A00D5BE99 /* Frameworks */ = {
			isa = PBXFrameworksBuildPhase;
			buildActionMask = 2147483647;
			files = (
				4C5456694371F29447EEE380 /* Pods_ePECS.framework in Frameworks */,
			);
			runOnlyForDeploymentPostprocessing = 0;
		};
		847CFD9C20B4424D00D5BE99 /* Frameworks */ = {
			isa = PBXFrameworksBuildPhase;
			buildActionMask = 2147483647;
			files = (
				57454917144CC48CCA852C19 /* Pods_ePECSTests.framework in Frameworks */,
			);
			runOnlyForDeploymentPostprocessing = 0;
		};
		847CFDA720B4424D00D5BE99 /* Frameworks */ = {
			isa = PBXFrameworksBuildPhase;
			buildActionMask = 2147483647;
			files = (
				20FD6959A4A5F411B142047A /* Pods_ePECSUITests.framework in Frameworks */,
			);
			runOnlyForDeploymentPostprocessing = 0;
		};
/* End PBXFrameworksBuildPhase section */

/* Begin PBXGroup section */
		0DBEF4A3DE1916F7C2E77FC2 /* Pods */ = {
			isa = PBXGroup;
			children = (
				FC91E9CDEE7B852787C54EC3 /* Pods-ePECS.debug.xcconfig */,
				0981DC8134BEBE9D4ADA02C7 /* Pods-ePECS.release.xcconfig */,
				A45C71CC7BC50D1FD198B71C /* Pods-ePECSTests.debug.xcconfig */,
				21B56D6832F2B6587ED744EB /* Pods-ePECSTests.release.xcconfig */,
				EF8647635858E6DD48045987 /* Pods-ePECSUITests.debug.xcconfig */,
				89E5469ED74CCE9D9D5646DC /* Pods-ePECSUITests.release.xcconfig */,
			);
			name = Pods;
			sourceTree = "<group>";
		};
		8410E25D20B8800700E56A2F /* First Level */ = {
			isa = PBXGroup;
			children = (
				8410E25720B8663D00E56A2F /* FirstLevelViewController.swift */,
				8410E25920B8665500E56A2F /* FirstLevelStoryboard.storyboard */,
			);
			path = "First Level";
			sourceTree = "<group>";
		};
		8410E26220B887CD00E56A2F /* Second Level */ = {
			isa = PBXGroup;
			children = (
				CE91496420BA905000BC68DE /* SecondLevelCollectionViewCell.swift */,
				8410E25E20B887BA00E56A2F /* SecondLevelViewController.swift */,
				CE91496820BA912200BC68DE /* SecondLevelStoryboard.storyboard */,
			);
			path = "Second Level";
			sourceTree = "<group>";
		};
		8457A20820C91922006039C6 /* Fourth Level */ = {
			isa = PBXGroup;
			children = (
				84AB033B20C9408300BC639D /* FourthLevelPhraseCollectionViewCell.swift */,
				84AB033920C9407100BC639D /* FourthLevelCardCollectionViewCell.swift */,
				84AB033720C9403300BC639D /* FourthLevelCardsViewController.swift */,
				84AB033520C9401D00BC639D /* FourthLevelCategoryCollectionViewCell.swift */,
				84AB033320C93FFD00BC639D /* FourthLevelCategoryViewController.swift */,
				84AB032720C93D6800BC639D /* FourthLevelStoryboard.storyboard */,
			);
			path = "Fourth Level";
			sourceTree = "<group>";
		};
		847CFD8220B4424A00D5BE99 = {
			isa = PBXGroup;
			children = (
				847CFD8D20B4424A00D5BE99 /* ePECS */,
				847CFDA220B4424D00D5BE99 /* ePECSTests */,
				847CFDAD20B4424D00D5BE99 /* ePECSUITests */,
				847CFD8C20B4424A00D5BE99 /* Products */,
				0DBEF4A3DE1916F7C2E77FC2 /* Pods */,
				D24AD712D78A4C409014B2C0 /* Frameworks */,
			);
			sourceTree = "<group>";
		};
		847CFD8C20B4424A00D5BE99 /* Products */ = {
			isa = PBXGroup;
			children = (
				847CFD8B20B4424A00D5BE99 /* ePECS.app */,
				847CFD9F20B4424D00D5BE99 /* ePECSTests.xctest */,
				847CFDAA20B4424D00D5BE99 /* ePECSUITests.xctest */,
			);
			name = Products;
			sourceTree = "<group>";
		};
		847CFD8D20B4424A00D5BE99 /* ePECS */ = {
			isa = PBXGroup;
			children = (
				84E7CC8D20D9BE9400B111EF /* Models */,
				84BBD6DB20CE475000D3CB2F /* Cards Library */,
				84E26F0B20CBCB6300296344 /* Settings */,
				8457A20820C91922006039C6 /* Fourth Level */,
				CE91496A20BB301500BC68DE /* Third Level */,
				8410E26220B887CD00E56A2F /* Second Level */,
				8410E25D20B8800700E56A2F /* First Level */,
				847CFDC220B446BF00D5BE99 /* Supporting Files */,
				847CFD9220B4424A00D5BE99 /* Main.storyboard */,
				847CFD9020B4424A00D5BE99 /* ViewController.swift */,
				847CFD8E20B4424A00D5BE99 /* AppDelegate.swift */,
				847CFD9720B4424D00D5BE99 /* LaunchScreen.storyboard */,
				847CFD9520B4424D00D5BE99 /* Assets.xcassets */,
				847CFD9A20B4424D00D5BE99 /* Info.plist */,
			);
			path = ePECS;
			sourceTree = "<group>";
		};
		847CFDA220B4424D00D5BE99 /* ePECSTests */ = {
			isa = PBXGroup;
			children = (
				847CFDA320B4424D00D5BE99 /* ePECSTests.swift */,
				847CFDA520B4424D00D5BE99 /* Info.plist */,
			);
			path = ePECSTests;
			sourceTree = "<group>";
		};
		847CFDAD20B4424D00D5BE99 /* ePECSUITests */ = {
			isa = PBXGroup;
			children = (
				847CFDAE20B4424D00D5BE99 /* ePECSUITests.swift */,
				847CFDB020B4424D00D5BE99 /* Info.plist */,
			);
			path = ePECSUITests;
			sourceTree = "<group>";
		};
		847CFDC220B446BF00D5BE99 /* Supporting Files */ = {
			isa = PBXGroup;
			children = (
				84907CCE20D29F8000E9DE81 /* Font */,
				847CFDC320B4480100D5BE99 /* DataManager.swift */,
				847CFDC920B4483D00D5BE99 /* ServerManager.swift */,
				847CFDC720B4482800D5BE99 /* HTTPRequestManager.swift */,
				847CFDC520B4481C00D5BE99 /* HTTPStatusCode.swift */,
				8410E25B20B87ACA00E56A2F /* Extensions.swift */,
				CE91496620BA90E100BC68DE /* CustomUI.swift */,
				84C85A0920DE3AF500990CED /* Constant.swift */,
			);
			path = "Supporting Files";
			sourceTree = "<group>";
		};
		84907CCE20D29F8000E9DE81 /* Font */ = {
			isa = PBXGroup;
			children = (
				84907CD620D29FCC00E9DE81 /* OpenSans-Bold.ttf */,
				84907CD520D29FCC00E9DE81 /* OpenSans-Regular.ttf */,
				84907CD720D29FCD00E9DE81 /* OpenSans-Semibold.ttf */,
			);
			path = Font;
			sourceTree = "<group>";
		};
		84BBD6DB20CE475000D3CB2F /* Cards Library */ = {
			isa = PBXGroup;
			children = (
				84BBD6DC20CE476D00D3CB2F /* CardsLibraryStoryboard.storyboard */,
				84BBD6DE20CE477D00D3CB2F /* CardsLibraryViewController.swift */,
				849FA49120DCEBF300BC0B43 /* CardsLibraryTableViewCell.swift */,
				849FA49320DCEFF800BC0B43 /* CardsLibraryCollectionViewCell.swift */,
			);
			path = "Cards Library";
			sourceTree = "<group>";
		};
		84E26F0B20CBCB6300296344 /* Settings */ = {
			isa = PBXGroup;
			children = (
				84BBD6D920CE287D00D3CB2F /* ChangeLevelTwoCollectionViewCell.swift */,
				84BBD6D720CE281B00D3CB2F /* ChangeLevelTwoViewController.swift */,
				84BBD6D520CDD07900D3CB2F /* SelectLevelViewController.swift */,
				84E26F0C20CBCB9200296344 /* SettingsViewController.swift */,
				84E26F0E20CBCBA000296344 /* SettingsStoryboard.storyboard */,
			);
			path = Settings;
			sourceTree = "<group>";
		};
		84E7CC8D20D9BE9400B111EF /* Models */ = {
			isa = PBXGroup;
			children = (
				84E7CC8E20D9BEA600B111EF /* Card.swift */,
			);
			path = Models;
			sourceTree = "<group>";
		};
		CE91496A20BB301500BC68DE /* Third Level */ = {
			isa = PBXGroup;
			children = (
				CE91497520BB36F900BC68DE /* PhraseCollectionViewCell.swift */,
				CE91497320BB362300BC68DE /* CardCollectionViewCell.swift */,
				CE91496F20BB35C600BC68DE /* ThirdLevelCardsViewController.swift */,
				CE91497120BB361900BC68DE /* CategoryCollectionViewCell.swift */,
				CE91496D20BB304300BC68DE /* ThirdLevelCategoryViewController.swift */,
				CE91496B20BB302700BC68DE /* ThirdLevelStoryboard.storyboard */,
			);
			path = "Third Level";
			sourceTree = "<group>";
		};
		D24AD712D78A4C409014B2C0 /* Frameworks */ = {
			isa = PBXGroup;
			children = (
				17465FA468C9C4A6628206AD /* Pods_ePECS.framework */,
				AED1CD0C90162C3FBA049D0F /* Pods_ePECSTests.framework */,
				D48C8F0197BC47A3F227271A /* Pods_ePECSUITests.framework */,
			);
			name = Frameworks;
			sourceTree = "<group>";
		};
/* End PBXGroup section */

/* Begin PBXNativeTarget section */
		847CFD8A20B4424A00D5BE99 /* ePECS */ = {
			isa = PBXNativeTarget;
			buildConfigurationList = 847CFDB320B4424D00D5BE99 /* Build configuration list for PBXNativeTarget "ePECS" */;
			buildPhases = (
				39D8ABAF408F4A074424E6EA /* [CP] Check Pods Manifest.lock */,
				847CFD8720B4424A00D5BE99 /* Sources */,
				847CFD8820B4424A00D5BE99 /* Frameworks */,
				847CFD8920B4424A00D5BE99 /* Resources */,
				4C0CDD9569181E1169E955F0 /* [CP] Embed Pods Frameworks */,
			);
			buildRules = (
			);
			dependencies = (
			);
			name = ePECS;
			productName = ePECS;
			productReference = 847CFD8B20B4424A00D5BE99 /* ePECS.app */;
			productType = "com.apple.product-type.application";
		};
		847CFD9E20B4424D00D5BE99 /* ePECSTests */ = {
			isa = PBXNativeTarget;
			buildConfigurationList = 847CFDB620B4424D00D5BE99 /* Build configuration list for PBXNativeTarget "ePECSTests" */;
			buildPhases = (
				3217306B270A52AEB0F03673 /* [CP] Check Pods Manifest.lock */,
				847CFD9B20B4424D00D5BE99 /* Sources */,
				847CFD9C20B4424D00D5BE99 /* Frameworks */,
				847CFD9D20B4424D00D5BE99 /* Resources */,
			);
			buildRules = (
			);
			dependencies = (
				847CFDA120B4424D00D5BE99 /* PBXTargetDependency */,
			);
			name = ePECSTests;
			productName = ePECSTests;
			productReference = 847CFD9F20B4424D00D5BE99 /* ePECSTests.xctest */;
			productType = "com.apple.product-type.bundle.unit-test";
		};
		847CFDA920B4424D00D5BE99 /* ePECSUITests */ = {
			isa = PBXNativeTarget;
			buildConfigurationList = 847CFDB920B4424D00D5BE99 /* Build configuration list for PBXNativeTarget "ePECSUITests" */;
			buildPhases = (
				6FF44326FB02D76B0A987A8A /* [CP] Check Pods Manifest.lock */,
				847CFDA620B4424D00D5BE99 /* Sources */,
				847CFDA720B4424D00D5BE99 /* Frameworks */,
				847CFDA820B4424D00D5BE99 /* Resources */,
			);
			buildRules = (
			);
			dependencies = (
				847CFDAC20B4424D00D5BE99 /* PBXTargetDependency */,
			);
			name = ePECSUITests;
			productName = ePECSUITests;
			productReference = 847CFDAA20B4424D00D5BE99 /* ePECSUITests.xctest */;
			productType = "com.apple.product-type.bundle.ui-testing";
		};
/* End PBXNativeTarget section */

/* Begin PBXProject section */
		847CFD8320B4424A00D5BE99 /* Project object */ = {
			isa = PBXProject;
			attributes = {
				LastSwiftUpdateCheck = 0930;
				LastUpgradeCheck = 0930;
				ORGANIZATIONNAME = neobis;
				TargetAttributes = {
					847CFD8A20B4424A00D5BE99 = {
						CreatedOnToolsVersion = 9.3.1;
					};
					847CFD9E20B4424D00D5BE99 = {
						CreatedOnToolsVersion = 9.3.1;
						TestTargetID = 847CFD8A20B4424A00D5BE99;
					};
					847CFDA920B4424D00D5BE99 = {
						CreatedOnToolsVersion = 9.3.1;
						TestTargetID = 847CFD8A20B4424A00D5BE99;
					};
				};
			};
			buildConfigurationList = 847CFD8620B4424A00D5BE99 /* Build configuration list for PBXProject "ePECS" */;
			compatibilityVersion = "Xcode 9.3";
			developmentRegion = en;
			hasScannedForEncodings = 0;
			knownRegions = (
				en,
				Base,
			);
			mainGroup = 847CFD8220B4424A00D5BE99;
			productRefGroup = 847CFD8C20B4424A00D5BE99 /* Products */;
			projectDirPath = "";
			projectRoot = "";
			targets = (
				847CFD8A20B4424A00D5BE99 /* ePECS */,
				847CFD9E20B4424D00D5BE99 /* ePECSTests */,
				847CFDA920B4424D00D5BE99 /* ePECSUITests */,
			);
		};
/* End PBXProject section */

/* Begin PBXResourcesBuildPhase section */
		847CFD8920B4424A00D5BE99 /* Resources */ = {
			isa = PBXResourcesBuildPhase;
			buildActionMask = 2147483647;
			files = (
				847CFD9920B4424D00D5BE99 /* LaunchScreen.storyboard in Resources */,
				84907CD920D2A06600E9DE81 /* OpenSans-Regular.ttf in Resources */,
				84907CDA20D2A06900E9DE81 /* OpenSans-Bold.ttf in Resources */,
				84AB032D20C93D6900BC639D /* FourthLevelStoryboard.storyboard in Resources */,
				847CFD9620B4424D00D5BE99 /* Assets.xcassets in Resources */,
				CE91496C20BB302700BC68DE /* ThirdLevelStoryboard.storyboard in Resources */,
				84907CD820D2A06400E9DE81 /* OpenSans-Semibold.ttf in Resources */,
				847CFD9420B4424A00D5BE99 /* Main.storyboard in Resources */,
				CE91496920BA912200BC68DE /* SecondLevelStoryboard.storyboard in Resources */,
				84E26F0F20CBCBA000296344 /* SettingsStoryboard.storyboard in Resources */,
				84BBD6DD20CE476D00D3CB2F /* CardsLibraryStoryboard.storyboard in Resources */,
				8410E25A20B8665500E56A2F /* FirstLevelStoryboard.storyboard in Resources */,
			);
			runOnlyForDeploymentPostprocessing = 0;
		};
		847CFD9D20B4424D00D5BE99 /* Resources */ = {
			isa = PBXResourcesBuildPhase;
			buildActionMask = 2147483647;
			files = (
			);
			runOnlyForDeploymentPostprocessing = 0;
		};
		847CFDA820B4424D00D5BE99 /* Resources */ = {
			isa = PBXResourcesBuildPhase;
			buildActionMask = 2147483647;
			files = (
			);
			runOnlyForDeploymentPostprocessing = 0;
		};
/* End PBXResourcesBuildPhase section */

/* Begin PBXShellScriptBuildPhase section */
		3217306B270A52AEB0F03673 /* [CP] Check Pods Manifest.lock */ = {
			isa = PBXShellScriptBuildPhase;
			buildActionMask = 2147483647;
			files = (
			);
			inputPaths = (
				"${PODS_PODFILE_DIR_PATH}/Podfile.lock",
				"${PODS_ROOT}/Manifest.lock",
			);
			name = "[CP] Check Pods Manifest.lock";
			outputPaths = (
				"$(DERIVED_FILE_DIR)/Pods-ePECSTests-checkManifestLockResult.txt",
			);
			runOnlyForDeploymentPostprocessing = 0;
			shellPath = /bin/sh;
			shellScript = "diff \"${PODS_PODFILE_DIR_PATH}/Podfile.lock\" \"${PODS_ROOT}/Manifest.lock\" > /dev/null\nif [ $? != 0 ] ; then\n    # print error to STDERR\n    echo \"error: The sandbox is not in sync with the Podfile.lock. Run 'pod install' or update your CocoaPods installation.\" >&2\n    exit 1\nfi\n# This output is used by Xcode 'outputs' to avoid re-running this script phase.\necho \"SUCCESS\" > \"${SCRIPT_OUTPUT_FILE_0}\"\n";
			showEnvVarsInLog = 0;
		};
		39D8ABAF408F4A074424E6EA /* [CP] Check Pods Manifest.lock */ = {
			isa = PBXShellScriptBuildPhase;
			buildActionMask = 2147483647;
			files = (
			);
			inputPaths = (
				"${PODS_PODFILE_DIR_PATH}/Podfile.lock",
				"${PODS_ROOT}/Manifest.lock",
			);
			name = "[CP] Check Pods Manifest.lock";
			outputPaths = (
				"$(DERIVED_FILE_DIR)/Pods-ePECS-checkManifestLockResult.txt",
			);
			runOnlyForDeploymentPostprocessing = 0;
			shellPath = /bin/sh;
			shellScript = "diff \"${PODS_PODFILE_DIR_PATH}/Podfile.lock\" \"${PODS_ROOT}/Manifest.lock\" > /dev/null\nif [ $? != 0 ] ; then\n    # print error to STDERR\n    echo \"error: The sandbox is not in sync with the Podfile.lock. Run 'pod install' or update your CocoaPods installation.\" >&2\n    exit 1\nfi\n# This output is used by Xcode 'outputs' to avoid re-running this script phase.\necho \"SUCCESS\" > \"${SCRIPT_OUTPUT_FILE_0}\"\n";
			showEnvVarsInLog = 0;
		};
		4C0CDD9569181E1169E955F0 /* [CP] Embed Pods Frameworks */ = {
			isa = PBXShellScriptBuildPhase;
			buildActionMask = 2147483647;
			files = (
			);
			inputPaths = (
				"${SRCROOT}/Pods/Target Support Files/Pods-ePECS/Pods-ePECS-frameworks.sh",
				"${BUILT_PRODUCTS_DIR}/Alamofire/Alamofire.framework",
				"${BUILT_PRODUCTS_DIR}/IQKeyboardManagerSwift/IQKeyboardManagerSwift.framework",
				"${BUILT_PRODUCTS_DIR}/Kingfisher/Kingfisher.framework",
				"${BUILT_PRODUCTS_DIR}/SwiftyJSON/SwiftyJSON.framework",
			);
			name = "[CP] Embed Pods Frameworks";
			outputPaths = (
				"${TARGET_BUILD_DIR}/${FRAMEWORKS_FOLDER_PATH}/Alamofire.framework",
				"${TARGET_BUILD_DIR}/${FRAMEWORKS_FOLDER_PATH}/IQKeyboardManagerSwift.framework",
				"${TARGET_BUILD_DIR}/${FRAMEWORKS_FOLDER_PATH}/Kingfisher.framework",
				"${TARGET_BUILD_DIR}/${FRAMEWORKS_FOLDER_PATH}/SwiftyJSON.framework",
			);
			runOnlyForDeploymentPostprocessing = 0;
			shellPath = /bin/sh;
			shellScript = "\"${SRCROOT}/Pods/Target Support Files/Pods-ePECS/Pods-ePECS-frameworks.sh\"\n";
			showEnvVarsInLog = 0;
		};
		6FF44326FB02D76B0A987A8A /* [CP] Check Pods Manifest.lock */ = {
			isa = PBXShellScriptBuildPhase;
			buildActionMask = 2147483647;
			files = (
			);
			inputPaths = (
				"${PODS_PODFILE_DIR_PATH}/Podfile.lock",
				"${PODS_ROOT}/Manifest.lock",
			);
			name = "[CP] Check Pods Manifest.lock";
			outputPaths = (
				"$(DERIVED_FILE_DIR)/Pods-ePECSUITests-checkManifestLockResult.txt",
			);
			runOnlyForDeploymentPostprocessing = 0;
			shellPath = /bin/sh;
			shellScript = "diff \"${PODS_PODFILE_DIR_PATH}/Podfile.lock\" \"${PODS_ROOT}/Manifest.lock\" > /dev/null\nif [ $? != 0 ] ; then\n    # print error to STDERR\n    echo \"error: The sandbox is not in sync with the Podfile.lock. Run 'pod install' or update your CocoaPods installation.\" >&2\n    exit 1\nfi\n# This output is used by Xcode 'outputs' to avoid re-running this script phase.\necho \"SUCCESS\" > \"${SCRIPT_OUTPUT_FILE_0}\"\n";
			showEnvVarsInLog = 0;
		};
/* End PBXShellScriptBuildPhase section */

/* Begin PBXSourcesBuildPhase section */
		847CFD8720B4424A00D5BE99 /* Sources */ = {
			isa = PBXSourcesBuildPhase;
			buildActionMask = 2147483647;
			files = (
				847CFDC820B4482800D5BE99 /* HTTPRequestManager.swift in Sources */,
				847CFD9120B4424A00D5BE99 /* ViewController.swift in Sources */,
				84AB033420C93FFD00BC639D /* FourthLevelCategoryViewController.swift in Sources */,
				847CFDC420B4480100D5BE99 /* DataManager.swift in Sources */,
				CE91497620BB36F900BC68DE /* PhraseCollectionViewCell.swift in Sources */,
				84AB033620C9401D00BC639D /* FourthLevelCategoryCollectionViewCell.swift in Sources */,
				CE91496720BA90E100BC68DE /* CustomUI.swift in Sources */,
				84E7CC8F20D9BEA600B111EF /* Card.swift in Sources */,
				84AB033820C9403300BC639D /* FourthLevelCardsViewController.swift in Sources */,
				8410E25C20B87ACA00E56A2F /* Extensions.swift in Sources */,
				CE91497020BB35C600BC68DE /* ThirdLevelCardsViewController.swift in Sources */,
				84BBD6DF20CE477D00D3CB2F /* CardsLibraryViewController.swift in Sources */,
				8410E25F20B887BA00E56A2F /* SecondLevelViewController.swift in Sources */,
				84BBD6DA20CE287D00D3CB2F /* ChangeLevelTwoCollectionViewCell.swift in Sources */,
				84AB033A20C9407100BC639D /* FourthLevelCardCollectionViewCell.swift in Sources */,
				847CFDC620B4481C00D5BE99 /* HTTPStatusCode.swift in Sources */,
				84E26F0D20CBCB9200296344 /* SettingsViewController.swift in Sources */,
				84C85A0A20DE3AF500990CED /* Constant.swift in Sources */,
				8410E25820B8663D00E56A2F /* FirstLevelViewController.swift in Sources */,
				84BBD6D620CDD07900D3CB2F /* SelectLevelViewController.swift in Sources */,
				847CFDCA20B4483D00D5BE99 /* ServerManager.swift in Sources */,
				847CFD8F20B4424A00D5BE99 /* AppDelegate.swift in Sources */,
				CE91496520BA905000BC68DE /* SecondLevelCollectionViewCell.swift in Sources */,
				CE91497220BB361900BC68DE /* CategoryCollectionViewCell.swift in Sources */,
				849FA49220DCEBF300BC0B43 /* CardsLibraryTableViewCell.swift in Sources */,
				849FA49420DCEFF800BC0B43 /* CardsLibraryCollectionViewCell.swift in Sources */,
				84BBD6D820CE281B00D3CB2F /* ChangeLevelTwoViewController.swift in Sources */,
				CE91497420BB362300BC68DE /* CardCollectionViewCell.swift in Sources */,
				84AB033C20C9408300BC639D /* FourthLevelPhraseCollectionViewCell.swift in Sources */,
				CE91496E20BB304300BC68DE /* ThirdLevelCategoryViewController.swift in Sources */,
			);
			runOnlyForDeploymentPostprocessing = 0;
		};
		847CFD9B20B4424D00D5BE99 /* Sources */ = {
			isa = PBXSourcesBuildPhase;
			buildActionMask = 2147483647;
			files = (
				847CFDA420B4424D00D5BE99 /* ePECSTests.swift in Sources */,
			);
			runOnlyForDeploymentPostprocessing = 0;
		};
		847CFDA620B4424D00D5BE99 /* Sources */ = {
			isa = PBXSourcesBuildPhase;
			buildActionMask = 2147483647;
			files = (
				847CFDAF20B4424D00D5BE99 /* ePECSUITests.swift in Sources */,
			);
			runOnlyForDeploymentPostprocessing = 0;
		};
/* End PBXSourcesBuildPhase section */

/* Begin PBXTargetDependency section */
		847CFDA120B4424D00D5BE99 /* PBXTargetDependency */ = {
			isa = PBXTargetDependency;
			target = 847CFD8A20B4424A00D5BE99 /* ePECS */;
			targetProxy = 847CFDA020B4424D00D5BE99 /* PBXContainerItemProxy */;
		};
		847CFDAC20B4424D00D5BE99 /* PBXTargetDependency */ = {
			isa = PBXTargetDependency;
			target = 847CFD8A20B4424A00D5BE99 /* ePECS */;
			targetProxy = 847CFDAB20B4424D00D5BE99 /* PBXContainerItemProxy */;
		};
/* End PBXTargetDependency section */

/* Begin PBXVariantGroup section */
		847CFD9220B4424A00D5BE99 /* Main.storyboard */ = {
			isa = PBXVariantGroup;
			children = (
				847CFD9320B4424A00D5BE99 /* Base */,
			);
			name = Main.storyboard;
			sourceTree = "<group>";
		};
		847CFD9720B4424D00D5BE99 /* LaunchScreen.storyboard */ = {
			isa = PBXVariantGroup;
			children = (
				847CFD9820B4424D00D5BE99 /* Base */,
			);
			name = LaunchScreen.storyboard;
			sourceTree = "<group>";
		};
/* End PBXVariantGroup section */

/* Begin XCBuildConfiguration section */
		847CFDB120B4424D00D5BE99 /* Debug */ = {
			isa = XCBuildConfiguration;
			buildSettings = {
				ALWAYS_SEARCH_USER_PATHS = NO;
				CLANG_ANALYZER_NONNULL = YES;
				CLANG_ANALYZER_NUMBER_OBJECT_CONVERSION = YES_AGGRESSIVE;
				CLANG_CXX_LANGUAGE_STANDARD = "gnu++14";
				CLANG_CXX_LIBRARY = "libc++";
				CLANG_ENABLE_MODULES = YES;
				CLANG_ENABLE_OBJC_ARC = YES;
				CLANG_ENABLE_OBJC_WEAK = YES;
				CLANG_WARN_BLOCK_CAPTURE_AUTORELEASING = YES;
				CLANG_WARN_BOOL_CONVERSION = YES;
				CLANG_WARN_COMMA = YES;
				CLANG_WARN_CONSTANT_CONVERSION = YES;
				CLANG_WARN_DEPRECATED_OBJC_IMPLEMENTATIONS = YES;
				CLANG_WARN_DIRECT_OBJC_ISA_USAGE = YES_ERROR;
				CLANG_WARN_DOCUMENTATION_COMMENTS = YES;
				CLANG_WARN_EMPTY_BODY = YES;
				CLANG_WARN_ENUM_CONVERSION = YES;
				CLANG_WARN_INFINITE_RECURSION = YES;
				CLANG_WARN_INT_CONVERSION = YES;
				CLANG_WARN_NON_LITERAL_NULL_CONVERSION = YES;
				CLANG_WARN_OBJC_IMPLICIT_RETAIN_SELF = YES;
				CLANG_WARN_OBJC_LITERAL_CONVERSION = YES;
				CLANG_WARN_OBJC_ROOT_CLASS = YES_ERROR;
				CLANG_WARN_RANGE_LOOP_ANALYSIS = YES;
				CLANG_WARN_STRICT_PROTOTYPES = YES;
				CLANG_WARN_SUSPICIOUS_MOVE = YES;
				CLANG_WARN_UNGUARDED_AVAILABILITY = YES_AGGRESSIVE;
				CLANG_WARN_UNREACHABLE_CODE = YES;
				CLANG_WARN__DUPLICATE_METHOD_MATCH = YES;
				CODE_SIGN_IDENTITY = "iPhone Developer";
				COPY_PHASE_STRIP = NO;
				DEBUG_INFORMATION_FORMAT = dwarf;
				ENABLE_STRICT_OBJC_MSGSEND = YES;
				ENABLE_TESTABILITY = YES;
				GCC_C_LANGUAGE_STANDARD = gnu11;
				GCC_DYNAMIC_NO_PIC = NO;
				GCC_NO_COMMON_BLOCKS = YES;
				GCC_OPTIMIZATION_LEVEL = 0;
				GCC_PREPROCESSOR_DEFINITIONS = (
					"DEBUG=1",
					"$(inherited)",
				);
				GCC_WARN_64_TO_32_BIT_CONVERSION = YES;
				GCC_WARN_ABOUT_RETURN_TYPE = YES_ERROR;
				GCC_WARN_UNDECLARED_SELECTOR = YES;
				GCC_WARN_UNINITIALIZED_AUTOS = YES_AGGRESSIVE;
				GCC_WARN_UNUSED_FUNCTION = YES;
				GCC_WARN_UNUSED_VARIABLE = YES;
				IPHONEOS_DEPLOYMENT_TARGET = 10.0;
				MTL_ENABLE_DEBUG_INFO = YES;
				ONLY_ACTIVE_ARCH = YES;
				SDKROOT = iphoneos;
				SWIFT_ACTIVE_COMPILATION_CONDITIONS = DEBUG;
				SWIFT_OPTIMIZATION_LEVEL = "-Onone";
			};
			name = Debug;
		};
		847CFDB220B4424D00D5BE99 /* Release */ = {
			isa = XCBuildConfiguration;
			buildSettings = {
				ALWAYS_SEARCH_USER_PATHS = NO;
				CLANG_ANALYZER_NONNULL = YES;
				CLANG_ANALYZER_NUMBER_OBJECT_CONVERSION = YES_AGGRESSIVE;
				CLANG_CXX_LANGUAGE_STANDARD = "gnu++14";
				CLANG_CXX_LIBRARY = "libc++";
				CLANG_ENABLE_MODULES = YES;
				CLANG_ENABLE_OBJC_ARC = YES;
				CLANG_ENABLE_OBJC_WEAK = YES;
				CLANG_WARN_BLOCK_CAPTURE_AUTORELEASING = YES;
				CLANG_WARN_BOOL_CONVERSION = YES;
				CLANG_WARN_COMMA = YES;
				CLANG_WARN_CONSTANT_CONVERSION = YES;
				CLANG_WARN_DEPRECATED_OBJC_IMPLEMENTATIONS = YES;
				CLANG_WARN_DIRECT_OBJC_ISA_USAGE = YES_ERROR;
				CLANG_WARN_DOCUMENTATION_COMMENTS = YES;
				CLANG_WARN_EMPTY_BODY = YES;
				CLANG_WARN_ENUM_CONVERSION = YES;
				CLANG_WARN_INFINITE_RECURSION = YES;
				CLANG_WARN_INT_CONVERSION = YES;
				CLANG_WARN_NON_LITERAL_NULL_CONVERSION = YES;
				CLANG_WARN_OBJC_IMPLICIT_RETAIN_SELF = YES;
				CLANG_WARN_OBJC_LITERAL_CONVERSION = YES;
				CLANG_WARN_OBJC_ROOT_CLASS = YES_ERROR;
				CLANG_WARN_RANGE_LOOP_ANALYSIS = YES;
				CLANG_WARN_STRICT_PROTOTYPES = YES;
				CLANG_WARN_SUSPICIOUS_MOVE = YES;
				CLANG_WARN_UNGUARDED_AVAILABILITY = YES_AGGRESSIVE;
				CLANG_WARN_UNREACHABLE_CODE = YES;
				CLANG_WARN__DUPLICATE_METHOD_MATCH = YES;
				CODE_SIGN_IDENTITY = "iPhone Developer";
				COPY_PHASE_STRIP = NO;
				DEBUG_INFORMATION_FORMAT = "dwarf-with-dsym";
				ENABLE_NS_ASSERTIONS = NO;
				ENABLE_STRICT_OBJC_MSGSEND = YES;
				GCC_C_LANGUAGE_STANDARD = gnu11;
				GCC_NO_COMMON_BLOCKS = YES;
				GCC_WARN_64_TO_32_BIT_CONVERSION = YES;
				GCC_WARN_ABOUT_RETURN_TYPE = YES_ERROR;
				GCC_WARN_UNDECLARED_SELECTOR = YES;
				GCC_WARN_UNINITIALIZED_AUTOS = YES_AGGRESSIVE;
				GCC_WARN_UNUSED_FUNCTION = YES;
				GCC_WARN_UNUSED_VARIABLE = YES;
				IPHONEOS_DEPLOYMENT_TARGET = 10.0;
				MTL_ENABLE_DEBUG_INFO = NO;
				SDKROOT = iphoneos;
				SWIFT_COMPILATION_MODE = wholemodule;
				SWIFT_OPTIMIZATION_LEVEL = "-O";
				VALIDATE_PRODUCT = YES;
			};
			name = Release;
		};
		847CFDB420B4424D00D5BE99 /* Debug */ = {
			isa = XCBuildConfiguration;
			baseConfigurationReference = FC91E9CDEE7B852787C54EC3 /* Pods-ePECS.debug.xcconfig */;
			buildSettings = {
				ASSETCATALOG_COMPILER_APPICON_NAME = AppIcon;
				CODE_SIGN_STYLE = Automatic;
				DEVELOPMENT_TEAM = U5DCDBG2W2;
				INFOPLIST_FILE = ePECS/Info.plist;
				IPHONEOS_DEPLOYMENT_TARGET = 10.0;
				LD_RUNPATH_SEARCH_PATHS = (
					"$(inherited)",
					"@executable_path/Frameworks",
				);
				PRODUCT_BUNDLE_IDENTIFIER = com.example.ePECS;
				PRODUCT_NAME = "$(TARGET_NAME)";
				SWIFT_VERSION = 4.0;
				TARGETED_DEVICE_FAMILY = "1,2";
			};
			name = Debug;
		};
		847CFDB520B4424D00D5BE99 /* Release */ = {
			isa = XCBuildConfiguration;
			baseConfigurationReference = 0981DC8134BEBE9D4ADA02C7 /* Pods-ePECS.release.xcconfig */;
			buildSettings = {
				ASSETCATALOG_COMPILER_APPICON_NAME = AppIcon;
				CODE_SIGN_STYLE = Automatic;
				DEVELOPMENT_TEAM = U5DCDBG2W2;
				INFOPLIST_FILE = ePECS/Info.plist;
				IPHONEOS_DEPLOYMENT_TARGET = 10.0;
				LD_RUNPATH_SEARCH_PATHS = (
					"$(inherited)",
					"@executable_path/Frameworks",
				);
				PRODUCT_BUNDLE_IDENTIFIER = com.example.ePECS;
				PRODUCT_NAME = "$(TARGET_NAME)";
				SWIFT_VERSION = 4.0;
				TARGETED_DEVICE_FAMILY = "1,2";
			};
			name = Release;
		};
		847CFDB720B4424D00D5BE99 /* Debug */ = {
			isa = XCBuildConfiguration;
			baseConfigurationReference = A45C71CC7BC50D1FD198B71C /* Pods-ePECSTests.debug.xcconfig */;
			buildSettings = {
				ALWAYS_EMBED_SWIFT_STANDARD_LIBRARIES = YES;
				BUNDLE_LOADER = "$(TEST_HOST)";
				CODE_SIGN_STYLE = Automatic;
				DEVELOPMENT_TEAM = U5DCDBG2W2;
				INFOPLIST_FILE = ePECSTests/Info.plist;
				LD_RUNPATH_SEARCH_PATHS = (
					"$(inherited)",
					"@executable_path/Frameworks",
					"@loader_path/Frameworks",
				);
				PRODUCT_BUNDLE_IDENTIFIER = com.example.ePECSTests;
				PRODUCT_NAME = "$(TARGET_NAME)";
				SWIFT_VERSION = 4.0;
				TARGETED_DEVICE_FAMILY = "1,2";
				TEST_HOST = "$(BUILT_PRODUCTS_DIR)/ePECS.app/ePECS";
			};
			name = Debug;
		};
		847CFDB820B4424D00D5BE99 /* Release */ = {
			isa = XCBuildConfiguration;
			baseConfigurationReference = 21B56D6832F2B6587ED744EB /* Pods-ePECSTests.release.xcconfig */;
			buildSettings = {
				ALWAYS_EMBED_SWIFT_STANDARD_LIBRARIES = YES;
				BUNDLE_LOADER = "$(TEST_HOST)";
				CODE_SIGN_STYLE = Automatic;
				DEVELOPMENT_TEAM = U5DCDBG2W2;
				INFOPLIST_FILE = ePECSTests/Info.plist;
				LD_RUNPATH_SEARCH_PATHS = (
					"$(inherited)",
					"@executable_path/Frameworks",
					"@loader_path/Frameworks",
				);
				PRODUCT_BUNDLE_IDENTIFIER = com.example.ePECSTests;
				PRODUCT_NAME = "$(TARGET_NAME)";
				SWIFT_VERSION = 4.0;
				TARGETED_DEVICE_FAMILY = "1,2";
				TEST_HOST = "$(BUILT_PRODUCTS_DIR)/ePECS.app/ePECS";
			};
			name = Release;
		};
		847CFDBA20B4424D00D5BE99 /* Debug */ = {
			isa = XCBuildConfiguration;
			baseConfigurationReference = EF8647635858E6DD48045987 /* Pods-ePECSUITests.debug.xcconfig */;
			buildSettings = {
				ALWAYS_EMBED_SWIFT_STANDARD_LIBRARIES = YES;
				CODE_SIGN_STYLE = Automatic;
				DEVELOPMENT_TEAM = U5DCDBG2W2;
				INFOPLIST_FILE = ePECSUITests/Info.plist;
				LD_RUNPATH_SEARCH_PATHS = (
					"$(inherited)",
					"@executable_path/Frameworks",
					"@loader_path/Frameworks",
				);
				PRODUCT_BUNDLE_IDENTIFIER = com.example.ePECSUITests;
				PRODUCT_NAME = "$(TARGET_NAME)";
				SWIFT_VERSION = 4.0;
				TARGETED_DEVICE_FAMILY = "1,2";
				TEST_TARGET_NAME = ePECS;
			};
			name = Debug;
		};
		847CFDBB20B4424D00D5BE99 /* Release */ = {
			isa = XCBuildConfiguration;
			baseConfigurationReference = 89E5469ED74CCE9D9D5646DC /* Pods-ePECSUITests.release.xcconfig */;
			buildSettings = {
				ALWAYS_EMBED_SWIFT_STANDARD_LIBRARIES = YES;
				CODE_SIGN_STYLE = Automatic;
				DEVELOPMENT_TEAM = U5DCDBG2W2;
				INFOPLIST_FILE = ePECSUITests/Info.plist;
				LD_RUNPATH_SEARCH_PATHS = (
					"$(inherited)",
					"@executable_path/Frameworks",
					"@loader_path/Frameworks",
				);
				PRODUCT_BUNDLE_IDENTIFIER = com.example.ePECSUITests;
				PRODUCT_NAME = "$(TARGET_NAME)";
				SWIFT_VERSION = 4.0;
				TARGETED_DEVICE_FAMILY = "1,2";
				TEST_TARGET_NAME = ePECS;
			};
			name = Release;
		};
/* End XCBuildConfiguration section */

/* Begin XCConfigurationList section */
		847CFD8620B4424A00D5BE99 /* Build configuration list for PBXProject "ePECS" */ = {
			isa = XCConfigurationList;
			buildConfigurations = (
				847CFDB120B4424D00D5BE99 /* Debug */,
				847CFDB220B4424D00D5BE99 /* Release */,
			);
			defaultConfigurationIsVisible = 0;
			defaultConfigurationName = Release;
		};
		847CFDB320B4424D00D5BE99 /* Build configuration list for PBXNativeTarget "ePECS" */ = {
			isa = XCConfigurationList;
			buildConfigurations = (
				847CFDB420B4424D00D5BE99 /* Debug */,
				847CFDB520B4424D00D5BE99 /* Release */,
			);
			defaultConfigurationIsVisible = 0;
			defaultConfigurationName = Release;
		};
		847CFDB620B4424D00D5BE99 /* Build configuration list for PBXNativeTarget "ePECSTests" */ = {
			isa = XCConfigurationList;
			buildConfigurations = (
				847CFDB720B4424D00D5BE99 /* Debug */,
				847CFDB820B4424D00D5BE99 /* Release */,
			);
			defaultConfigurationIsVisible = 0;
			defaultConfigurationName = Release;
		};
		847CFDB920B4424D00D5BE99 /* Build configuration list for PBXNativeTarget "ePECSUITests" */ = {
			isa = XCConfigurationList;
			buildConfigurations = (
				847CFDBA20B4424D00D5BE99 /* Debug */,
				847CFDBB20B4424D00D5BE99 /* Release */,
			);
			defaultConfigurationIsVisible = 0;
			defaultConfigurationName = Release;
		};
/* End XCConfigurationList section */
	};
	rootObject = 847CFD8320B4424A00D5BE99 /* Project object */;
}
